{
  "nodes": {
    "expidus-sdk": {
      "inputs": {
        "nixpkgs": [
          "nixpkgs"
        ]
      },
      "locked": {
        "lastModified": 1665176069,
        "narHash": "sha256-GVl55tQsrRGJwJyzrJwmnyMTm04ljRMyswZATHrt7bQ=",
        "owner": "ExpidusOS",
        "repo": "sdk",
        "rev": "9823700638419dd4e1fe32a4d0c9d71024af37a5",
        "type": "github"
      },
      "original": {
        "owner": "ExpidusOS",
        "repo": "sdk",
        "type": "github"
      }
    },
    "nixpkgs": {
      "locked": {
        "lastModified": 1665087388,
        "narHash": "sha256-FZFPuW9NWHJteATOf79rZfwfRn5fE0wi9kRzvGfDHPA=",
        "owner": "NixOS",
        "repo": "nixpkgs",
        "rev": "95fda953f6db2e9496d2682c4fc7b82f959878f7",
        "type": "github"
      },
      "original": {
        "id": "nixpkgs",
        "type": "indirect"
      }
    },
    "ntk": {
      "inputs": {
        "nixpkgs": [
          "nixpkgs"
        ]
      },
      "locked": {
        "lastModified": 1,
        "narHash": "sha256-Tuchj6WWEvJ4KIdHvy7umsBy2q915t8cUHE92GrxS6U=",
        "path": "subprojects/ntk",
        "type": "path"
      },
      "original": {
        "path": "subprojects/ntk",
        "type": "path"
      }
    },
    "root": {
      "inputs": {
        "expidus-sdk": "expidus-sdk",
        "nixpkgs": "nixpkgs",
        "ntk": "ntk",
        "vadi": "vadi"
      }
    },
    "vadi": {
      "inputs": {
        "nixpkgs": [
          "nixpkgs"
        ]
      },
      "locked": {
        "lastModified": 1663630541,
        "narHash": "sha256-yHEZ9DjhYmw7UV8AsvFsUHdGDa8ivu5hWNFo6Xp7fGI=",
        "owner": "ExpidusOS",
        "repo": "Vadi",
        "rev": "4864ab757b0355498e6f888b6499d3ec86d1c368",
        "type": "github"
      },
      "original": {
        "owner": "ExpidusOS",
        "ref": "feat/nix",
        "repo": "Vadi",
        "type": "github"
      }
    }
  },
  "root": "root",
  "version": 7
}
