{
  "nodes": {
    "expidus-sdk": {
      "locked": {
        "lastModified": 1666326809,
        "narHash": "sha256-fGDfVS1NBTGwvlmMI3r4faik/S0AmoCsMLcVVk9vCLs=",
        "owner": "ExpidusOS",
        "repo": "sdk",
        "rev": "3937951f631ff6ad41bd7f397873688f9bfc9ae3",
        "type": "github"
      },
      "original": {
        "owner": "ExpidusOS",
        "repo": "sdk",
        "type": "github"
      }
    },
    "root": {
      "inputs": {
        "expidus-sdk": "expidus-sdk"
      }
    }
  },
  "root": "root",
  "version": 7
}
